PODS:
  - AffdexSDK-iOS (4.0.1):
    - AWSKinesis
  - AWSCore (2.6.17)
  - AWSKinesis (2.6.17):
    - AWSCore (= 2.6.17)
  - Charts (3.1.1):
    - Charts/Core (= 3.1.1)
  - Charts/Core (3.1.1)
  - MarqueeLabel/Swift (3.1.4)
  - NotificationBannerSwift (1.6.2):
    - MarqueeLabel/Swift
    - SnapKit (~> 4.0)
  - PKHUD (5.0.0)
  - SnapKit (4.0.0)
  - Zip (1.1.0)

DEPENDENCIES:
  - AffdexSDK-iOS
  - Charts
  - NotificationBannerSwift
  - PKHUD (~> 5.0)
  - Zip (~> 1.1)

SPEC REPOS:
  https://github.com/CocoaPods/Specs.git:
    - AffdexSDK-iOS
    - AWSCore
    - AWSKinesis
    - Charts
    - MarqueeLabel
    - NotificationBannerSwift
    - PKHUD
    - SnapKit
    - Zip

SPEC CHECKSUMS:
  AffdexSDK-iOS: 46f04df6a0259957190f3a592ccd0b33367b3d66
  AWSCore: 82fbb01d73a22cfae77ac2f03f6073a123092452
  AWSKinesis: 342e84eb54eda89d247b14b32cf5240c7f0e4d46
  Charts: 90a4d61da0f6e06684c591e3bcab11940fe61736
  MarqueeLabel: bf768455fe88d427f71476ebb23f9092b660f40b
  NotificationBannerSwift: 4eceb2add9d5eaa0596c63d49690b4d6476e74ec
  PKHUD: 3c001512c6e002091184197a8de7a20420786e3b
  SnapKit: a42d492c16e80209130a3379f73596c3454b7694
  Zip: 8877eede3dda76bcac281225c20e71c25270774c

PODFILE CHECKSUM: 29b7ddc5a708bb221ec3c4f7d7a7a65a3b692152

COCOAPODS: 1.5.0
